{
  "pins" : [
    {
      "identity" : "quick",
      "kind" : "remoteSourceControl",
      "location" : "https://github.com/Quick/Quick.git",
      "state" : {
        "revision" : "bd86ca0141e3cfb333546de5a11ede63f0c4a0e6",
        "version" : "4.0.0"
      }
    },
    {
      "identity" : "yams",
      "kind" : "remoteSourceControl",
      "location" : "https://github.com/jpsim/Yams",
      "state" : {
        "revision" : "c947a306d2e80ecb2c0859047b35c73b8e1ca27f",
        "version" : "2.0.0"
      }
    }
  ],
  "version" : 2
}
